// !$*UTF8*$!
{
	archiveVersion = 1;
	classes = {
	};
	objectVersion = 46;
	objects = {

/* Begin PBXBuildFile section */
		6D727D5C1DC1026400AECE62 /* TextViewController.swift in Sources */ = {isa = PBXBuildFile; fileRef = 6D727D5B1DC1026400AECE62 /* TextViewController.swift */; };
		6D74E0D41DBF568600D9C653 /* PagePlayerCell.swift in Sources */ = {isa = PBXBuildFile; fileRef = 6D74E0D31DBF568600D9C653 /* PagePlayerCell.swift */; };
		6D74E0D61DBF56C300D9C653 /* Model.swift in Sources */ = {isa = PBXBuildFile; fileRef = 6D74E0D51DBF56C300D9C653 /* Model.swift */; };
		6D75CD671DB63152008ADDE7 /* AppDelegate.swift in Sources */ = {isa = PBXBuildFile; fileRef = 6D75CD661DB63152008ADDE7 /* AppDelegate.swift */; };
		6D75CD6E1DB63152008ADDE7 /* Assets.xcassets in Resources */ = {isa = PBXBuildFile; fileRef = 6D75CD6D1DB63152008ADDE7 /* Assets.xcassets */; };
		6D75CD711DB63152008ADDE7 /* LaunchScreen.storyboard in Resources */ = {isa = PBXBuildFile; fileRef = 6D75CD6F1DB63152008ADDE7 /* LaunchScreen.storyboard */; };
		A2275EF21FC2C92800C63617 /* PageScrollPlayer.framework in Frameworks */ = {isa = PBXBuildFile; fileRef = A2275EEB1FC2C92800C63617 /* PageScrollPlayer.framework */; };
		A2275EF31FC2C92800C63617 /* PageScrollPlayer.framework in Embed Frameworks */ = {isa = PBXBuildFile; fileRef = A2275EEB1FC2C92800C63617 /* PageScrollPlayer.framework */; settings = {ATTRIBUTES = (CodeSignOnCopy, RemoveHeadersOnCopy, ); }; };
		A2275EF81FC2C99E00C63617 /* PagePlayerConst.swift in Sources */ = {isa = PBXBuildFile; fileRef = 6D727D501DC101DD00AECE62 /* PagePlayerConst.swift */; };
		A2275EF91FC2C9A000C63617 /* ScrollViewPageCell.swift in Sources */ = {isa = PBXBuildFile; fileRef = 6D727D511DC101DD00AECE62 /* ScrollViewPageCell.swift */; };
		A2275EFA1FC2C9A200C63617 /* ScrollViewPageCellContent.swift in Sources */ = {isa = PBXBuildFile; fileRef = 6D727D521DC101DD00AECE62 /* ScrollViewPageCellContent.swift */; };
		A2275EFB1FC2C9A500C63617 /* ScrollViewPagePlayer.swift in Sources */ = {isa = PBXBuildFile; fileRef = 6D727D531DC101DD00AECE62 /* ScrollViewPagePlayer.swift */; };
		A2275EFC1FC2C9A700C63617 /* UIView+Extension .swift in Sources */ = {isa = PBXBuildFile; fileRef = 6D727D541DC101DD00AECE62 /* UIView+Extension .swift */; };
/* End PBXBuildFile section */

/* Begin PBXContainerItemProxy section */
		A2275EF01FC2C92800C63617 /* PBXContainerItemProxy */ = {
			isa = PBXContainerItemProxy;
			containerPortal = 6D75CD5B1DB63152008ADDE7 /* Project object */;
			proxyType = 1;
			remoteGlobalIDString = A2275EEA1FC2C92800C63617;
			remoteInfo = PageScrollPlayer;
		};
/* End PBXContainerItemProxy section */

/* Begin PBXCopyFilesBuildPhase section */
		A2275EF71FC2C92800C63617 /* Embed Frameworks */ = {
			isa = PBXCopyFilesBuildPhase;
			buildActionMask = 2147483647;
			dstPath = "";
			dstSubfolderSpec = 10;
			files = (
				A2275EF31FC2C92800C63617 /* PageScrollPlayer.framework in Embed Frameworks */,
			);
			name = "Embed Frameworks";
			runOnlyForDeploymentPostprocessing = 0;
		};
/* End PBXCopyFilesBuildPhase section */

/* Begin PBXFileReference section */
		6D727D501DC101DD00AECE62 /* PagePlayerConst.swift */ = {isa = PBXFileReference; fileEncoding = 4; lastKnownFileType = sourcecode.swift; path = PagePlayerConst.swift; sourceTree = "<group>"; };
		6D727D511DC101DD00AECE62 /* ScrollViewPageCell.swift */ = {isa = PBXFileReference; fileEncoding = 4; lastKnownFileType = sourcecode.swift; path = ScrollViewPageCell.swift; sourceTree = "<group>"; };
		6D727D521DC101DD00AECE62 /* ScrollViewPageCellContent.swift */ = {isa = PBXFileReference; fileEncoding = 4; lastKnownFileType = sourcecode.swift; path = ScrollViewPageCellContent.swift; sourceTree = "<group>"; };
		6D727D531DC101DD00AECE62 /* ScrollViewPagePlayer.swift */ = {isa = PBXFileReference; fileEncoding = 4; lastKnownFileType = sourcecode.swift; path = ScrollViewPagePlayer.swift; sourceTree = "<group>"; };
		6D727D541DC101DD00AECE62 /* UIView+Extension .swift */ = {isa = PBXFileReference; fileEncoding = 4; lastKnownFileType = sourcecode.swift; path = "UIView+Extension .swift"; sourceTree = "<group>"; };
		6D727D5B1DC1026400AECE62 /* TextViewController.swift */ = {isa = PBXFileReference; fileEncoding = 4; lastKnownFileType = sourcecode.swift; path = TextViewController.swift; sourceTree = "<group>"; };
		6D74E0D31DBF568600D9C653 /* PagePlayerCell.swift */ = {isa = PBXFileReference; fileEncoding = 4; lastKnownFileType = sourcecode.swift; path = PagePlayerCell.swift; sourceTree = "<group>"; };
		6D74E0D51DBF56C300D9C653 /* Model.swift */ = {isa = PBXFileReference; fileEncoding = 4; lastKnownFileType = sourcecode.swift; path = Model.swift; sourceTree = "<group>"; };
		6D75CD631DB63152008ADDE7 /* ScrollViewPlay.app */ = {isa = PBXFileReference; explicitFileType = wrapper.application; includeInIndex = 0; path = ScrollViewPlay.app; sourceTree = BUILT_PRODUCTS_DIR; };
		6D75CD661DB63152008ADDE7 /* AppDelegate.swift */ = {isa = PBXFileReference; lastKnownFileType = sourcecode.swift; path = AppDelegate.swift; sourceTree = "<group>"; };
		6D75CD6D1DB63152008ADDE7 /* Assets.xcassets */ = {isa = PBXFileReference; lastKnownFileType = folder.assetcatalog; path = Assets.xcassets; sourceTree = "<group>"; };
		6D75CD701DB63152008ADDE7 /* Base */ = {isa = PBXFileReference; lastKnownFileType = file.storyboard; name = Base; path = Base.lproj/LaunchScreen.storyboard; sourceTree = "<group>"; };
		6D75CD721DB63152008ADDE7 /* Info.plist */ = {isa = PBXFileReference; lastKnownFileType = text.plist.xml; path = Info.plist; sourceTree = "<group>"; };
		A2275EEB1FC2C92800C63617 /* PageScrollPlayer.framework */ = {isa = PBXFileReference; explicitFileType = wrapper.framework; includeInIndex = 0; path = PageScrollPlayer.framework; sourceTree = BUILT_PRODUCTS_DIR; };
		A2275EEE1FC2C92800C63617 /* Info.plist */ = {isa = PBXFileReference; lastKnownFileType = text.plist.xml; path = Info.plist; sourceTree = "<group>"; };
/* End PBXFileReference section */

/* Begin PBXFrameworksBuildPhase section */
		6D75CD601DB63152008ADDE7 /* Frameworks */ = {
			isa = PBXFrameworksBuildPhase;
			buildActionMask = 2147483647;
			files = (
				A2275EF21FC2C92800C63617 /* PageScrollPlayer.framework in Frameworks */,
			);
			runOnlyForDeploymentPostprocessing = 0;
		};
		A2275EE71FC2C92800C63617 /* Frameworks */ = {
			isa = PBXFrameworksBuildPhase;
			buildActionMask = 2147483647;
			files = (
			);
			runOnlyForDeploymentPostprocessing = 0;
		};
/* End PBXFrameworksBuildPhase section */

/* Begin PBXGroup section */
		6D75CD5A1DB63152008ADDE7 = {
			isa = PBXGroup;
			children = (
				6D75CD651DB63152008ADDE7 /* ScrollViewPlay */,
				A2275EEC1FC2C92800C63617 /* PageScrollPlayer */,
				6D75CD641DB63152008ADDE7 /* Products */,
			);
			sourceTree = "<group>";
		};
		6D75CD641DB63152008ADDE7 /* Products */ = {
			isa = PBXGroup;
			children = (
				6D75CD631DB63152008ADDE7 /* ScrollViewPlay.app */,
				A2275EEB1FC2C92800C63617 /* PageScrollPlayer.framework */,
			);
			name = Products;
			sourceTree = "<group>";
		};
		6D75CD651DB63152008ADDE7 /* ScrollViewPlay */ = {
			isa = PBXGroup;
			children = (
				6D75CD661DB63152008ADDE7 /* AppDelegate.swift */,
				6D727D5B1DC1026400AECE62 /* TextViewController.swift */,
				6D74E0D51DBF56C300D9C653 /* Model.swift */,
				6D74E0D31DBF568600D9C653 /* PagePlayerCell.swift */,
				6D75CD6D1DB63152008ADDE7 /* Assets.xcassets */,
				6D75CD6F1DB63152008ADDE7 /* LaunchScreen.storyboard */,
				6D75CD721DB63152008ADDE7 /* Info.plist */,
			);
			path = ScrollViewPlay;
			sourceTree = "<group>";
		};
		A2275EEC1FC2C92800C63617 /* PageScrollPlayer */ = {
			isa = PBXGroup;
			children = (
				6D727D501DC101DD00AECE62 /* PagePlayerConst.swift */,
				6D727D511DC101DD00AECE62 /* ScrollViewPageCell.swift */,
				6D727D521DC101DD00AECE62 /* ScrollViewPageCellContent.swift */,
				6D727D531DC101DD00AECE62 /* ScrollViewPagePlayer.swift */,
				6D727D541DC101DD00AECE62 /* UIView+Extension .swift */,
				A2275EEE1FC2C92800C63617 /* Info.plist */,
			);
			path = PageScrollPlayer;
			sourceTree = "<group>";
		};
/* End PBXGroup section */

/* Begin PBXHeadersBuildPhase section */
		A2275EE81FC2C92800C63617 /* Headers */ = {
			isa = PBXHeadersBuildPhase;
			buildActionMask = 2147483647;
			files = (
			);
			runOnlyForDeploymentPostprocessing = 0;
		};
/* End PBXHeadersBuildPhase section */

/* Begin PBXNativeTarget section */
		6D75CD621DB63152008ADDE7 /* ScrollViewPlay */ = {
			isa = PBXNativeTarget;
			buildConfigurationList = 6D75CD801DB63152008ADDE7 /* Build configuration list for PBXNativeTarget "ScrollViewPlay" */;
			buildPhases = (
				6D75CD5F1DB63152008ADDE7 /* Sources */,
				6D75CD601DB63152008ADDE7 /* Frameworks */,
				6D75CD611DB63152008ADDE7 /* Resources */,
				A2275EF71FC2C92800C63617 /* Embed Frameworks */,
			);
			buildRules = (
			);
			dependencies = (
				A2275EF11FC2C92800C63617 /* PBXTargetDependency */,
			);
			name = ScrollViewPlay;
			productName = ScrollViewPlay;
			productReference = 6D75CD631DB63152008ADDE7 /* ScrollViewPlay.app */;
			productType = "com.apple.product-type.application";
		};
		A2275EEA1FC2C92800C63617 /* PageScrollPlayer */ = {
			isa = PBXNativeTarget;
			buildConfigurationList = A2275EF61FC2C92800C63617 /* Build configuration list for PBXNativeTarget "PageScrollPlayer" */;
			buildPhases = (
				A2275EE61FC2C92800C63617 /* Sources */,
				A2275EE71FC2C92800C63617 /* Frameworks */,
				A2275EE81FC2C92800C63617 /* Headers */,
				A2275EE91FC2C92800C63617 /* Resources */,
			);
			buildRules = (
			);
			dependencies = (
			);
			name = PageScrollPlayer;
			productName = PageScrollPlayer;
			productReference = A2275EEB1FC2C92800C63617 /* PageScrollPlayer.framework */;
			productType = "com.apple.product-type.framework";
		};
/* End PBXNativeTarget section */

/* Begin PBXProject section */
		6D75CD5B1DB63152008ADDE7 /* Project object */ = {
			isa = PBXProject;
			attributes = {
				LastSwiftUpdateCheck = 0800;
				LastUpgradeCheck = 0910;
				ORGANIZATIONNAME = MLCode.com;
				TargetAttributes = {
					6D75CD621DB63152008ADDE7 = {
						CreatedOnToolsVersion = 8.0;
						ProvisioningStyle = Automatic;
					};
					A2275EEA1FC2C92800C63617 = {
						CreatedOnToolsVersion = 9.1;
						ProvisioningStyle = Automatic;
					};
				};
			};
			buildConfigurationList = 6D75CD5E1DB63152008ADDE7 /* Build configuration list for PBXProject "ScrollViewPlay" */;
			compatibilityVersion = "Xcode 3.2";
			developmentRegion = English;
			hasScannedForEncodings = 0;
			knownRegions = (
				en,
				Base,
			);
			mainGroup = 6D75CD5A1DB63152008ADDE7;
			productRefGroup = 6D75CD641DB63152008ADDE7 /* Products */;
			projectDirPath = "";
			projectRoot = "";
			targets = (
				6D75CD621DB63152008ADDE7 /* ScrollViewPlay */,
				A2275EEA1FC2C92800C63617 /* PageScrollPlayer */,
			);
		};
/* End PBXProject section */

/* Begin PBXResourcesBuildPhase section */
		6D75CD611DB63152008ADDE7 /* Resources */ = {
			isa = PBXResourcesBuildPhase;
			buildActionMask = 2147483647;
			files = (
				6D75CD711DB63152008ADDE7 /* LaunchScreen.storyboard in Resources */,
				6D75CD6E1DB63152008ADDE7 /* Assets.xcassets in Resources */,
			);
			runOnlyForDeploymentPostprocessing = 0;
		};
		A2275EE91FC2C92800C63617 /* Resources */ = {
			isa = PBXResourcesBuildPhase;
			buildActionMask = 2147483647;
			files = (
			);
			runOnlyForDeploymentPostprocessing = 0;
		};
/* End PBXResourcesBuildPhase section */

/* Begin PBXSourcesBuildPhase section */
		6D75CD5F1DB63152008ADDE7 /* Sources */ = {
			isa = PBXSourcesBuildPhase;
			buildActionMask = 2147483647;
			files = (
				6D75CD671DB63152008ADDE7 /* AppDelegate.swift in Sources */,
				6D727D5C1DC1026400AECE62 /* TextViewController.swift in Sources */,
				6D74E0D41DBF568600D9C653 /* PagePlayerCell.swift in Sources */,
				6D74E0D61DBF56C300D9C653 /* Model.swift in Sources */,
			);
			runOnlyForDeploymentPostprocessing = 0;
		};
		A2275EE61FC2C92800C63617 /* Sources */ = {
			isa = PBXSourcesBuildPhase;
			buildActionMask = 2147483647;
			files = (
				A2275EF91FC2C9A000C63617 /* ScrollViewPageCell.swift in Sources */,
				A2275EFB1FC2C9A500C63617 /* ScrollViewPagePlayer.swift in Sources */,
				A2275EFA1FC2C9A200C63617 /* ScrollViewPageCellContent.swift in Sources */,
				A2275EF81FC2C99E00C63617 /* PagePlayerConst.swift in Sources */,
				A2275EFC1FC2C9A700C63617 /* UIView+Extension .swift in Sources */,
			);
			runOnlyForDeploymentPostprocessing = 0;
		};
/* End PBXSourcesBuildPhase section */

/* Begin PBXTargetDependency section */
		A2275EF11FC2C92800C63617 /* PBXTargetDependency */ = {
			isa = PBXTargetDependency;
			target = A2275EEA1FC2C92800C63617 /* PageScrollPlayer */;
			targetProxy = A2275EF01FC2C92800C63617 /* PBXContainerItemProxy */;
		};
/* End PBXTargetDependency section */

/* Begin PBXVariantGroup section */
		6D75CD6F1DB63152008ADDE7 /* LaunchScreen.storyboard */ = {
			isa = PBXVariantGroup;
			children = (
				6D75CD701DB63152008ADDE7 /* Base */,
			);
			name = LaunchScreen.storyboard;
			sourceTree = "<group>";
		};
/* End PBXVariantGroup section */

/* Begin XCBuildConfiguration section */
		6D75CD7E1DB63152008ADDE7 /* Debug */ = {
			isa = XCBuildConfiguration;
			buildSettings = {
				ALWAYS_SEARCH_USER_PATHS = NO;
				CLANG_ANALYZER_NONNULL = YES;
				CLANG_CXX_LANGUAGE_STANDARD = "gnu++0x";
				CLANG_CXX_LIBRARY = "libc++";
				CLANG_ENABLE_MODULES = YES;
				CLANG_ENABLE_OBJC_ARC = YES;
				CLANG_WARN_BLOCK_CAPTURE_AUTORELEASING = YES;
				CLANG_WARN_BOOL_CONVERSION = YES;
				CLANG_WARN_COMMA = YES;
				CLANG_WARN_CONSTANT_CONVERSION = YES;
				CLANG_WARN_DIRECT_OBJC_ISA_USAGE = YES_ERROR;
				CLANG_WARN_DOCUMENTATION_COMMENTS = YES;
				CLANG_WARN_EMPTY_BODY = YES;
				CLANG_WARN_ENUM_CONVERSION = YES;
				CLANG_WARN_INFINITE_RECURSION = YES;
				CLANG_WARN_INT_CONVERSION = YES;
				CLANG_WARN_NON_LITERAL_NULL_CONVERSION = YES;
				CLANG_WARN_OBJC_LITERAL_CONVERSION = YES;
				CLANG_WARN_OBJC_ROOT_CLASS = YES_ERROR;
				CLANG_WARN_RANGE_LOOP_ANALYSIS = YES;
				CLANG_WARN_STRICT_PROTOTYPES = YES;
				CLANG_WARN_SUSPICIOUS_MOVE = YES;
				CLANG_WARN_SUSPICIOUS_MOVES = YES;
				CLANG_WARN_UNREACHABLE_CODE = YES;
				CLANG_WARN__DUPLICATE_METHOD_MATCH = YES;
				"CODE_SIGN_IDENTITY[sdk=iphoneos*]" = "iPhone Developer";
				COPY_PHASE_STRIP = NO;
				DEBUG_INFORMATION_FORMAT = dwarf;
				ENABLE_STRICT_OBJC_MSGSEND = YES;
				ENABLE_TESTABILITY = YES;
				GCC_C_LANGUAGE_STANDARD = gnu99;
				GCC_DYNAMIC_NO_PIC = NO;
				GCC_NO_COMMON_BLOCKS = YES;
				GCC_OPTIMIZATION_LEVEL = 0;
				GCC_PREPROCESSOR_DEFINITIONS = (
					"DEBUG=1",
					"$(inherited)",
				);
				GCC_WARN_64_TO_32_BIT_CONVERSION = YES;
				GCC_WARN_ABOUT_RETURN_TYPE = YES_ERROR;
				GCC_WARN_UNDECLARED_SELECTOR = YES;
				GCC_WARN_UNINITIALIZED_AUTOS = YES_AGGRESSIVE;
				GCC_WARN_UNUSED_FUNCTION = YES;
				GCC_WARN_UNUSED_VARIABLE = YES;
				IPHONEOS_DEPLOYMENT_TARGET = 10.0;
				MTL_ENABLE_DEBUG_INFO = YES;
				ONLY_ACTIVE_ARCH = YES;
				SDKROOT = iphoneos;
				SWIFT_ACTIVE_COMPILATION_CONDITIONS = DEBUG;
				SWIFT_OPTIMIZATION_LEVEL = "-Onone";
				TARGETED_DEVICE_FAMILY = "1,2";
			};
			name = Debug;
		};
		6D75CD7F1DB63152008ADDE7 /* Release */ = {
			isa = XCBuildConfiguration;
			buildSettings = {
				ALWAYS_SEARCH_USER_PATHS = NO;
				CLANG_ANALYZER_NONNULL = YES;
				CLANG_CXX_LANGUAGE_STANDARD = "gnu++0x";
				CLANG_CXX_LIBRARY = "libc++";
				CLANG_ENABLE_MODULES = YES;
				CLANG_ENABLE_OBJC_ARC = YES;
				CLANG_WARN_BLOCK_CAPTURE_AUTORELEASING = YES;
				CLANG_WARN_BOOL_CONVERSION = YES;
				CLANG_WARN_COMMA = YES;
				CLANG_WARN_CONSTANT_CONVERSION = YES;
				CLANG_WARN_DIRECT_OBJC_ISA_USAGE = YES_ERROR;
				CLANG_WARN_DOCUMENTATION_COMMENTS = YES;
				CLANG_WARN_EMPTY_BODY = YES;
				CLANG_WARN_ENUM_CONVERSION = YES;
				CLANG_WARN_INFINITE_RECURSION = YES;
				CLANG_WARN_INT_CONVERSION = YES;
				CLANG_WARN_NON_LITERAL_NULL_CONVERSION = YES;
				CLANG_WARN_OBJC_LITERAL_CONVERSION = YES;
				CLANG_WARN_OBJC_ROOT_CLASS = YES_ERROR;
				CLANG_WARN_RANGE_LOOP_ANALYSIS = YES;
				CLANG_WARN_STRICT_PROTOTYPES = YES;
				CLANG_WARN_SUSPICIOUS_MOVE = YES;
				CLANG_WARN_SUSPICIOUS_MOVES = YES;
				CLANG_WARN_UNREACHABLE_CODE = YES;
				CLANG_WARN__DUPLICATE_METHOD_MATCH = YES;
				"CODE_SIGN_IDENTITY[sdk=iphoneos*]" = "iPhone Developer";
				COPY_PHASE_STRIP = NO;
				DEBUG_INFORMATION_FORMAT = "dwarf-with-dsym";
				ENABLE_NS_ASSERTIONS = NO;
				ENABLE_STRICT_OBJC_MSGSEND = YES;
				GCC_C_LANGUAGE_STANDARD = gnu99;
				GCC_NO_COMMON_BLOCKS = YES;
				GCC_WARN_64_TO_32_BIT_CONVERSION = YES;
				GCC_WARN_ABOUT_RETURN_TYPE = YES_ERROR;
				GCC_WARN_UNDECLARED_SELECTOR = YES;
				GCC_WARN_UNINITIALIZED_AUTOS = YES_AGGRESSIVE;
				GCC_WARN_UNUSED_FUNCTION = YES;
				GCC_WARN_UNUSED_VARIABLE = YES;
				IPHONEOS_DEPLOYMENT_TARGET = 10.0;
				MTL_ENABLE_DEBUG_INFO = NO;
				SDKROOT = iphoneos;
				SWIFT_OPTIMIZATION_LEVEL = "-Owholemodule";
				TARGETED_DEVICE_FAMILY = "1,2";
				VALIDATE_PRODUCT = YES;
			};
			name = Release;
		};
		6D75CD811DB63152008ADDE7 /* Debug */ = {
			isa = XCBuildConfiguration;
			buildSettings = {
				ALWAYS_EMBED_SWIFT_STANDARD_LIBRARIES = YES;
				ASSETCATALOG_COMPILER_APPICON_NAME = AppIcon;
				CODE_SIGN_IDENTITY = "iPhone Developer";
				FRAMEWORK_SEARCH_PATHS = (
					"$(inherited)",
					"$(PROJECT_DIR)/ScrollViewPlay",
				);
				INFOPLIST_FILE = ScrollViewPlay/Info.plist;
				LD_RUNPATH_SEARCH_PATHS = "$(inherited) @executable_path/Frameworks";
				PRODUCT_BUNDLE_IDENTIFIER = com.MLCode.ScrollViewPlay;
				PRODUCT_NAME = "$(TARGET_NAME)";
				SWIFT_VERSION = 4.0;
			};
			name = Debug;
		};
		6D75CD821DB63152008ADDE7 /* Release */ = {
			isa = XCBuildConfiguration;
			buildSettings = {
				ALWAYS_EMBED_SWIFT_STANDARD_LIBRARIES = YES;
				ASSETCATALOG_COMPILER_APPICON_NAME = AppIcon;
				CODE_SIGN_IDENTITY = "iPhone Developer";
				FRAMEWORK_SEARCH_PATHS = (
					"$(inherited)",
					"$(PROJECT_DIR)/ScrollViewPlay",
				);
				INFOPLIST_FILE = ScrollViewPlay/Info.plist;
				LD_RUNPATH_SEARCH_PATHS = "$(inherited) @executable_path/Frameworks";
				PRODUCT_BUNDLE_IDENTIFIER = com.MLCode.ScrollViewPlay;
				PRODUCT_NAME = "$(TARGET_NAME)";
				SWIFT_VERSION = 4.0;
			};
			name = Release;
		};
		A2275EF41FC2C92800C63617 /* Debug */ = {
			isa = XCBuildConfiguration;
			buildSettings = {
				CLANG_ANALYZER_NUMBER_OBJECT_CONVERSION = YES_AGGRESSIVE;
				CLANG_CXX_LANGUAGE_STANDARD = "gnu++14";
				CLANG_WARN_BLOCK_CAPTURE_AUTORELEASING = YES;
				CLANG_WARN_COMMA = YES;
				CLANG_WARN_NON_LITERAL_NULL_CONVERSION = YES;
				CLANG_WARN_OBJC_LITERAL_CONVERSION = YES;
				CLANG_WARN_RANGE_LOOP_ANALYSIS = YES;
				CLANG_WARN_STRICT_PROTOTYPES = YES;
				CLANG_WARN_SUSPICIOUS_MOVE = YES;
				CLANG_WARN_UNGUARDED_AVAILABILITY = YES_AGGRESSIVE;
				CODE_SIGN_IDENTITY = "iPhone Developer";
				"CODE_SIGN_IDENTITY[sdk=iphoneos*]" = "";
				CODE_SIGN_STYLE = Automatic;
				CURRENT_PROJECT_VERSION = 1;
				DEFINES_MODULE = YES;
				DYLIB_COMPATIBILITY_VERSION = 1;
				DYLIB_CURRENT_VERSION = 1;
				DYLIB_INSTALL_NAME_BASE = "@rpath";
				GCC_C_LANGUAGE_STANDARD = gnu11;
				INFOPLIST_FILE = PageScrollPlayer/Info.plist;
				INSTALL_PATH = "$(LOCAL_LIBRARY_DIR)/Frameworks";
				IPHONEOS_DEPLOYMENT_TARGET = 8.0;
				LD_RUNPATH_SEARCH_PATHS = "$(inherited) @executable_path/Frameworks @loader_path/Frameworks";
				PRODUCT_BUNDLE_IDENTIFIER = "--.PageScrollPlayer";
				PRODUCT_NAME = "$(TARGET_NAME:c99extidentifier)";
				SKIP_INSTALL = YES;
				SWIFT_VERSION = 4.0;
				TARGETED_DEVICE_FAMILY = "1,2";
				VERSIONING_SYSTEM = "apple-generic";
				VERSION_INFO_PREFIX = "";
			};
			name = Debug;
		};
		A2275EF51FC2C92800C63617 /* Release */ = {
			isa = XCBuildConfiguration;
			buildSettings = {
				CLANG_ANALYZER_NUMBER_OBJECT_CONVERSION = YES_AGGRESSIVE;
				CLANG_CXX_LANGUAGE_STANDARD = "gnu++14";
				CLANG_WARN_BLOCK_CAPTURE_AUTORELEASING = YES;
				CLANG_WARN_COMMA = YES;
				CLANG_WARN_NON_LITERAL_NULL_CONVERSION = YES;
				CLANG_WARN_OBJC_LITERAL_CONVERSION = YES;
				CLANG_WARN_RANGE_LOOP_ANALYSIS = YES;
				CLANG_WARN_STRICT_PROTOTYPES = YES;
				CLANG_WARN_SUSPICIOUS_MOVE = YES;
				CLANG_WARN_UNGUARDED_AVAILABILITY = YES_AGGRESSIVE;
				CODE_SIGN_IDENTITY = "iPhone Developer";
				"CODE_SIGN_IDENTITY[sdk=iphoneos*]" = "";
				CODE_SIGN_STYLE = Automatic;
				CURRENT_PROJECT_VERSION = 1;
				DEFINES_MODULE = YES;
				DYLIB_COMPATIBILITY_VERSION = 1;
				DYLIB_CURRENT_VERSION = 1;
				DYLIB_INSTALL_NAME_BASE = "@rpath";
				GCC_C_LANGUAGE_STANDARD = gnu11;
				INFOPLIST_FILE = PageScrollPlayer/Info.plist;
				INSTALL_PATH = "$(LOCAL_LIBRARY_DIR)/Frameworks";
				IPHONEOS_DEPLOYMENT_TARGET = 8.0;
				LD_RUNPATH_SEARCH_PATHS = "$(inherited) @executable_path/Frameworks @loader_path/Frameworks";
				PRODUCT_BUNDLE_IDENTIFIER = "--.PageScrollPlayer";
				PRODUCT_NAME = "$(TARGET_NAME:c99extidentifier)";
				SKIP_INSTALL = YES;
				SWIFT_VERSION = 4.0;
				TARGETED_DEVICE_FAMILY = "1,2";
				VERSIONING_SYSTEM = "apple-generic";
				VERSION_INFO_PREFIX = "";
			};
			name = Release;
		};
/* End XCBuildConfiguration section */

/* Begin XCConfigurationList section */
		6D75CD5E1DB63152008ADDE7 /* Build configuration list for PBXProject "ScrollViewPlay" */ = {
			isa = XCConfigurationList;
			buildConfigurations = (
				6D75CD7E1DB63152008ADDE7 /* Debug */,
				6D75CD7F1DB63152008ADDE7 /* Release */,
			);
			defaultConfigurationIsVisible = 0;
			defaultConfigurationName = Release;
		};
		6D75CD801DB63152008ADDE7 /* Build configuration list for PBXNativeTarget "ScrollViewPlay" */ = {
			isa = XCConfigurationList;
			buildConfigurations = (
				6D75CD811DB63152008ADDE7 /* Debug */,
				6D75CD821DB63152008ADDE7 /* Release */,
			);
			defaultConfigurationIsVisible = 0;
			defaultConfigurationName = Release;
		};
		A2275EF61FC2C92800C63617 /* Build configuration list for PBXNativeTarget "PageScrollPlayer" */ = {
			isa = XCConfigurationList;
			buildConfigurations = (
				A2275EF41FC2C92800C63617 /* Debug */,
				A2275EF51FC2C92800C63617 /* Release */,
			);
			defaultConfigurationIsVisible = 0;
			defaultConfigurationName = Release;
		};
/* End XCConfigurationList section */
	};
	rootObject = 6D75CD5B1DB63152008ADDE7 /* Project object */;
}
